
Microsoft Visual Studio Solution File, Format Version 12.00
# Visual Studio 15
VisualStudioVersion = 15.0.26730.16
MinimumVisualStudioVersion = 10.0.40219.1
Project("{FAE04EC0-301F-11D3-BF4B-00C04F79EFBC}") = "Empresa", "Empresa\Empresa.csproj", "{06B9CC2D-D799-45B4-B004-25783E1C1900}"
EndProject
Project("{FAE04EC0-301F-11D3-BF4B-00C04F79EFBC}") = "ServicoWCF", "ServicoWCF\ServicoWCF.csproj", "{8B30F53A-F1F6-40A0-963F-E42D074EF3BD}"
EndProject
Global
	GlobalSection(SolutionConfigurationPlatforms) = preSolution
		Debug|Any CPU = Debug|Any CPU
		Release|Any CPU = Release|Any CPU
	EndGlobalSection
	GlobalSection(ProjectConfigurationPlatforms) = postSolution
		{06B9CC2D-D799-45B4-B004-25783E1C1900}.Debug|Any CPU.ActiveCfg = Debug|Any CPU
		{06B9CC2D-D799-45B4-B004-25783E1C1900}.Debug|Any CPU.Build.0 = Debug|Any CPU
		{06B9CC2D-D799-45B4-B004-25783E1C1900}.Release|Any CPU.ActiveCfg = Release|Any CPU
		{06B9CC2D-D799-45B4-B004-25783E1C1900}.Release|Any CPU.Build.0 = Release|Any CPU
		{8B30F53A-F1F6-40A0-963F-E42D074EF3BD}.Debug|Any CPU.ActiveCfg = Debug|Any CPU
		{8B30F53A-F1F6-40A0-963F-E42D074EF3BD}.Debug|Any CPU.Build.0 = Debug|Any CPU
		{8B30F53A-F1F6-40A0-963F-E42D074EF3BD}.Release|Any CPU.ActiveCfg = Release|Any CPU
		{8B30F53A-F1F6-40A0-963F-E42D074EF3BD}.Release|Any CPU.Build.0 = Release|Any CPU
	EndGlobalSection
	GlobalSection(SolutionProperties) = preSolution
		HideSolutionNode = FALSE
	EndGlobalSection
	GlobalSection(ExtensibilityGlobals) = postSolution
		SolutionGuid = {65D1F43C-A47C-433F-965B-B485A09A8C2F}
	EndGlobalSection
EndGlobal
